// !$*UTF8*$!
{
	archiveVersion = 1;
	classes = {
	};
	objectVersion = 46;
	objects = {

/* Begin PBXBuildFile section */
		BF143024170B31FC008AE1A4 /* QuickLook.framework in Frameworks */ = {isa = PBXBuildFile; fileRef = BF143023170B31FC008AE1A4 /* QuickLook.framework */; };
		BF143026170B31FC008AE1A4 /* ApplicationServices.framework in Frameworks */ = {isa = PBXBuildFile; fileRef = BF143025170B31FC008AE1A4 /* ApplicationServices.framework */; };
		BF143028170B31FC008AE1A4 /* CoreServices.framework in Frameworks */ = {isa = PBXBuildFile; fileRef = BF143027170B31FC008AE1A4 /* CoreServices.framework */; };
		BF14302A170B31FC008AE1A4 /* CoreFoundation.framework in Frameworks */ = {isa = PBXBuildFile; fileRef = BF143029170B31FC008AE1A4 /* CoreFoundation.framework */; };
		BF143030170B31FC008AE1A4 /* InfoPlist.strings in Resources */ = {isa = PBXBuildFile; fileRef = BF14302E170B31FC008AE1A4 /* InfoPlist.strings */; };
		BF143032170B31FD008AE1A4 /* GenerateThumbnailForURL.m in Sources */ = {isa = PBXBuildFile; fileRef = BF143031170B31FD008AE1A4 /* GenerateThumbnailForURL.m */; };
		BF143034170B31FD008AE1A4 /* GeneratePreviewForURL.m in Sources */ = {isa = PBXBuildFile; fileRef = BF143033170B31FD008AE1A4 /* GeneratePreviewForURL.m */; };
		BF143036170B31FD008AE1A4 /* main.c in Sources */ = {isa = PBXBuildFile; fileRef = BF143035170B31FD008AE1A4 /* main.c */; };
		BF14303E170B33D6008AE1A4 /* AppKit.framework in Frameworks */ = {isa = PBXBuildFile; fileRef = BF14303D170B33D6008AE1A4 /* AppKit.framework */; };
		BF143040170B3675008AE1A4 /* DartQL.qlgenerator in CopyFiles */ = {isa = PBXBuildFile; fileRef = BF143020170B31FC008AE1A4 /* DartQL.qlgenerator */; };
		BFE12DCF170B3CEA00C22EBB /* preview.jpg in Resources */ = {isa = PBXBuildFile; fileRef = BFE12DCD170B3CEA00C22EBB /* preview.jpg */; };
		BFE12DD0170B3CEA00C22EBB /* thumbnail.jpg in Resources */ = {isa = PBXBuildFile; fileRef = BFE12DCE170B3CEA00C22EBB /* thumbnail.jpg */; };
		BFE12DD2170B42EE00C22EBB /* README.md in Resources */ = {isa = PBXBuildFile; fileRef = BFE12DD1170B42EE00C22EBB /* README.md */; };
/* End PBXBuildFile section */

/* Begin PBXCopyFilesBuildPhase section */
		BF14303F170B365F008AE1A4 /* CopyFiles */ = {
			isa = PBXCopyFilesBuildPhase;
			buildActionMask = 2147483647;
			dstPath = "~/Library/QuickLook";
			dstSubfolderSpec = 0;
			files = (
				BF143040170B3675008AE1A4 /* DartQL.qlgenerator in CopyFiles */,
			);
			runOnlyForDeploymentPostprocessing = 0;
		};
/* End PBXCopyFilesBuildPhase section */

/* Begin PBXFileReference section */
		BF143020170B31FC008AE1A4 /* DartQL.qlgenerator */ = {isa = PBXFileReference; explicitFileType = wrapper.cfbundle; includeInIndex = 0; path = DartQL.qlgenerator; sourceTree = BUILT_PRODUCTS_DIR; };
		BF143023170B31FC008AE1A4 /* QuickLook.framework */ = {isa = PBXFileReference; lastKnownFileType = wrapper.framework; name = QuickLook.framework; path = System/Library/Frameworks/QuickLook.framework; sourceTree = SDKROOT; };
		BF143025170B31FC008AE1A4 /* ApplicationServices.framework */ = {isa = PBXFileReference; lastKnownFileType = wrapper.framework; name = ApplicationServices.framework; path = System/Library/Frameworks/ApplicationServices.framework; sourceTree = SDKROOT; };
		BF143027170B31FC008AE1A4 /* CoreServices.framework */ = {isa = PBXFileReference; lastKnownFileType = wrapper.framework; name = CoreServices.framework; path = System/Library/Frameworks/CoreServices.framework; sourceTree = SDKROOT; };
		BF143029170B31FC008AE1A4 /* CoreFoundation.framework */ = {isa = PBXFileReference; lastKnownFileType = wrapper.framework; name = CoreFoundation.framework; path = System/Library/Frameworks/CoreFoundation.framework; sourceTree = SDKROOT; };
		BF14302D170B31FC008AE1A4 /* DartQL-Info.plist */ = {isa = PBXFileReference; lastKnownFileType = text.plist.xml; path = "DartQL-Info.plist"; sourceTree = "<group>"; };
		BF14302F170B31FC008AE1A4 /* en */ = {isa = PBXFileReference; lastKnownFileType = text.plist.strings; name = en; path = en.lproj/InfoPlist.strings; sourceTree = "<group>"; };
		BF143031170B31FD008AE1A4 /* GenerateThumbnailForURL.m */ = {isa = PBXFileReference; lastKnownFileType = sourcecode.c.objc; path = GenerateThumbnailForURL.m; sourceTree = "<group>"; };
		BF143033170B31FD008AE1A4 /* GeneratePreviewForURL.m */ = {isa = PBXFileReference; lastKnownFileType = sourcecode.c.objc; path = GeneratePreviewForURL.m; sourceTree = "<group>"; };
		BF143035170B31FD008AE1A4 /* main.c */ = {isa = PBXFileReference; lastKnownFileType = sourcecode.c.c; path = main.c; sourceTree = "<group>"; };
		BF143037170B31FD008AE1A4 /* DartQL-Prefix.pch */ = {isa = PBXFileReference; lastKnownFileType = sourcecode.c.h; path = "DartQL-Prefix.pch"; sourceTree = "<group>"; };
		BF14303D170B33D6008AE1A4 /* AppKit.framework */ = {isa = PBXFileReference; lastKnownFileType = wrapper.framework; name = AppKit.framework; path = System/Library/Frameworks/AppKit.framework; sourceTree = SDKROOT; };
		BFE12DCD170B3CEA00C22EBB /* preview.jpg */ = {isa = PBXFileReference; lastKnownFileType = image.jpeg; path = preview.jpg; sourceTree = "<group>"; };
		BFE12DCE170B3CEA00C22EBB /* thumbnail.jpg */ = {isa = PBXFileReference; lastKnownFileType = image.jpeg; path = thumbnail.jpg; sourceTree = "<group>"; };
		BFE12DD1170B42EE00C22EBB /* README.md */ = {isa = PBXFileReference; fileEncoding = 4; lastKnownFileType = text; name = README.md; path = ../README.md; sourceTree = "<group>"; };
/* End PBXFileReference section */

/* Begin PBXFrameworksBuildPhase section */
		BF14301B170B31FC008AE1A4 /* Frameworks */ = {
			isa = PBXFrameworksBuildPhase;
			buildActionMask = 2147483647;
			files = (
				BF14303E170B33D6008AE1A4 /* AppKit.framework in Frameworks */,
				BF143024170B31FC008AE1A4 /* QuickLook.framework in Frameworks */,
				BF143026170B31FC008AE1A4 /* ApplicationServices.framework in Frameworks */,
				BF143028170B31FC008AE1A4 /* CoreServices.framework in Frameworks */,
				BF14302A170B31FC008AE1A4 /* CoreFoundation.framework in Frameworks */,
			);
			runOnlyForDeploymentPostprocessing = 0;
		};
/* End PBXFrameworksBuildPhase section */

/* Begin PBXGroup section */
		BF143015170B31FC008AE1A4 = {
			isa = PBXGroup;
			children = (
				BF14302B170B31FC008AE1A4 /* DartQL */,
				BF143022170B31FC008AE1A4 /* Frameworks */,
				BF143021170B31FC008AE1A4 /* Products */,
			);
			sourceTree = "<group>";
		};
		BF143021170B31FC008AE1A4 /* Products */ = {
			isa = PBXGroup;
			children = (
				BF143020170B31FC008AE1A4 /* DartQL.qlgenerator */,
			);
			name = Products;
			sourceTree = "<group>";
		};
		BF143022170B31FC008AE1A4 /* Frameworks */ = {
			isa = PBXGroup;
			children = (
				BF14303D170B33D6008AE1A4 /* AppKit.framework */,
				BF143023170B31FC008AE1A4 /* QuickLook.framework */,
				BF143025170B31FC008AE1A4 /* ApplicationServices.framework */,
				BF143027170B31FC008AE1A4 /* CoreServices.framework */,
				BF143029170B31FC008AE1A4 /* CoreFoundation.framework */,
			);
			name = Frameworks;
			sourceTree = "<group>";
		};
		BF14302B170B31FC008AE1A4 /* DartQL */ = {
			isa = PBXGroup;
			children = (
				BF143031170B31FD008AE1A4 /* GenerateThumbnailForURL.m */,
				BF143033170B31FD008AE1A4 /* GeneratePreviewForURL.m */,
				BF143035170B31FD008AE1A4 /* main.c */,
				BF14302C170B31FC008AE1A4 /* Supporting Files */,
			);
			path = DartQL;
			sourceTree = "<group>";
		};
		BF14302C170B31FC008AE1A4 /* Supporting Files */ = {
			isa = PBXGroup;
			children = (
				BFE12DD1170B42EE00C22EBB /* README.md */,
				BFE12DCD170B3CEA00C22EBB /* preview.jpg */,
				BFE12DCE170B3CEA00C22EBB /* thumbnail.jpg */,
				BF14302D170B31FC008AE1A4 /* DartQL-Info.plist */,
				BF14302E170B31FC008AE1A4 /* InfoPlist.strings */,
				BF143037170B31FD008AE1A4 /* DartQL-Prefix.pch */,
			);
			name = "Supporting Files";
			sourceTree = "<group>";
		};
/* End PBXGroup section */

/* Begin PBXHeadersBuildPhase section */
		BF14301C170B31FC008AE1A4 /* Headers */ = {
			isa = PBXHeadersBuildPhase;
			buildActionMask = 2147483647;
			files = (
			);
			runOnlyForDeploymentPostprocessing = 0;
		};
/* End PBXHeadersBuildPhase section */

/* Begin PBXNativeTarget section */
		BF14301F170B31FC008AE1A4 /* DartQL */ = {
			isa = PBXNativeTarget;
			buildConfigurationList = BF14303A170B31FD008AE1A4 /* Build configuration list for PBXNativeTarget "DartQL" */;
			buildPhases = (
				BF14301A170B31FC008AE1A4 /* Sources */,
				BF14301B170B31FC008AE1A4 /* Frameworks */,
				BF14301C170B31FC008AE1A4 /* Headers */,
				BF14301D170B31FC008AE1A4 /* Resources */,
				BF14301E170B31FC008AE1A4 /* Rez */,
				BF14303F170B365F008AE1A4 /* CopyFiles */,
			);
			buildRules = (
			);
			dependencies = (
			);
			name = DartQL;
			productName = DartQL;
			productReference = BF143020170B31FC008AE1A4 /* DartQL.qlgenerator */;
			productType = "com.apple.product-type.bundle";
		};
/* End PBXNativeTarget section */

/* Begin PBXProject section */
		BF143016170B31FC008AE1A4 /* Project object */ = {
			isa = PBXProject;
			attributes = {
				LastUpgradeCheck = 0460;
				ORGANIZATIONNAME = "Daniel Chauvin";
			};
			buildConfigurationList = BF143019170B31FC008AE1A4 /* Build configuration list for PBXProject "DartQL" */;
			compatibilityVersion = "Xcode 3.2";
			developmentRegion = English;
			hasScannedForEncodings = 0;
			knownRegions = (
				en,
			);
			mainGroup = BF143015170B31FC008AE1A4;
			productRefGroup = BF143021170B31FC008AE1A4 /* Products */;
			projectDirPath = "";
			projectRoot = "";
			targets = (
				BF14301F170B31FC008AE1A4 /* DartQL */,
			);
		};
/* End PBXProject section */

/* Begin PBXResourcesBuildPhase section */
		BF14301D170B31FC008AE1A4 /* Resources */ = {
			isa = PBXResourcesBuildPhase;
			buildActionMask = 2147483647;
			files = (
				BF143030170B31FC008AE1A4 /* InfoPlist.strings in Resources */,
				BFE12DCF170B3CEA00C22EBB /* preview.jpg in Resources */,
				BFE12DD0170B3CEA00C22EBB /* thumbnail.jpg in Resources */,
				BFE12DD2170B42EE00C22EBB /* README.md in Resources */,
			);
			runOnlyForDeploymentPostprocessing = 0;
		};
/* End PBXResourcesBuildPhase section */

/* Begin PBXRezBuildPhase section */
		BF14301E170B31FC008AE1A4 /* Rez */ = {
			isa = PBXRezBuildPhase;
			buildActionMask = 2147483647;
			files = (
			);
			runOnlyForDeploymentPostprocessing = 0;
		};
/* End PBXRezBuildPhase section */

/* Begin PBXSourcesBuildPhase section */
		BF14301A170B31FC008AE1A4 /* Sources */ = {
			isa = PBXSourcesBuildPhase;
			buildActionMask = 2147483647;
			files = (
				BF143032170B31FD008AE1A4 /* GenerateThumbnailForURL.m in Sources */,
				BF143034170B31FD008AE1A4 /* GeneratePreviewForURL.m in Sources */,
				BF143036170B31FD008AE1A4 /* main.c in Sources */,
			);
			runOnlyForDeploymentPostprocessing = 0;
		};
/* End PBXSourcesBuildPhase section */

/* Begin PBXVariantGroup section */
		BF14302E170B31FC008AE1A4 /* InfoPlist.strings */ = {
			isa = PBXVariantGroup;
			children = (
				BF14302F170B31FC008AE1A4 /* en */,
			);
			name = InfoPlist.strings;
			sourceTree = "<group>";
		};
/* End PBXVariantGroup section */

/* Begin XCBuildConfiguration section */
		BF143038170B31FD008AE1A4 /* Debug */ = {
			isa = XCBuildConfiguration;
			buildSettings = {
				ALWAYS_SEARCH_USER_PATHS = NO;
				ARCHS = "$(ARCHS_STANDARD_64_BIT)";
				CLANG_CXX_LANGUAGE_STANDARD = "gnu++0x";
				CLANG_CXX_LIBRARY = "libc++";
				CLANG_ENABLE_OBJC_ARC = YES;
				CLANG_WARN_CONSTANT_CONVERSION = YES;
				CLANG_WARN_EMPTY_BODY = YES;
				CLANG_WARN_ENUM_CONVERSION = YES;
				CLANG_WARN_INT_CONVERSION = YES;
				CLANG_WARN__DUPLICATE_METHOD_MATCH = YES;
				COPY_PHASE_STRIP = NO;
				GCC_C_LANGUAGE_STANDARD = gnu99;
				GCC_DYNAMIC_NO_PIC = NO;
				GCC_ENABLE_OBJC_EXCEPTIONS = YES;
				GCC_OPTIMIZATION_LEVEL = 0;
				GCC_PREPROCESSOR_DEFINITIONS = (
					"DEBUG=1",
					"$(inherited)",
				);
				GCC_SYMBOLS_PRIVATE_EXTERN = NO;
				GCC_WARN_64_TO_32_BIT_CONVERSION = YES;
				GCC_WARN_ABOUT_RETURN_TYPE = YES;
				GCC_WARN_UNINITIALIZED_AUTOS = YES;
				GCC_WARN_UNUSED_VARIABLE = YES;
				MACOSX_DEPLOYMENT_TARGET = 10.8;
				ONLY_ACTIVE_ARCH = YES;
				SDKROOT = macosx;
			};
			name = Debug;
		};
		BF143039170B31FD008AE1A4 /* Release */ = {
			isa = XCBuildConfiguration;
			buildSettings = {
				ALWAYS_SEARCH_USER_PATHS = NO;
				ARCHS = "$(ARCHS_STANDARD_64_BIT)";
				CLANG_CXX_LANGUAGE_STANDARD = "gnu++0x";
				CLANG_CXX_LIBRARY = "libc++";
				CLANG_ENABLE_OBJC_ARC = YES;
				CLANG_WARN_CONSTANT_CONVERSION = YES;
				CLANG_WARN_EMPTY_BODY = YES;
				CLANG_WARN_ENUM_CONVERSION = YES;
				CLANG_WARN_INT_CONVERSION = YES;
				CLANG_WARN__DUPLICATE_METHOD_MATCH = YES;
				COPY_PHASE_STRIP = YES;
				DEBUG_INFORMATION_FORMAT = "dwarf-with-dsym";
				GCC_C_LANGUAGE_STANDARD = gnu99;
				GCC_ENABLE_OBJC_EXCEPTIONS = YES;
				GCC_WARN_64_TO_32_BIT_CONVERSION = YES;
				GCC_WARN_ABOUT_RETURN_TYPE = YES;
				GCC_WARN_UNINITIALIZED_AUTOS = YES;
				GCC_WARN_UNUSED_VARIABLE = YES;
				MACOSX_DEPLOYMENT_TARGET = 10.8;
				SDKROOT = macosx;
			};
			name = Release;
		};
		BF14303B170B31FD008AE1A4 /* Debug */ = {
			isa = XCBuildConfiguration;
			buildSettings = {
				COMBINE_HIDPI_IMAGES = YES;
				GCC_PRECOMPILE_PREFIX_HEADER = YES;
				GCC_PREFIX_HEADER = "DartQL/DartQL-Prefix.pch";
				INFOPLIST_FILE = "DartQL/DartQL-Info.plist";
				INSTALL_PATH = /Library/QuickLook;
				PRODUCT_NAME = "$(TARGET_NAME)";
				WRAPPER_EXTENSION = qlgenerator;
			};
			name = Debug;
		};
		BF14303C170B31FD008AE1A4 /* Release */ = {
			isa = XCBuildConfiguration;
			buildSettings = {
				COMBINE_HIDPI_IMAGES = YES;
				GCC_PRECOMPILE_PREFIX_HEADER = YES;
				GCC_PREFIX_HEADER = "DartQL/DartQL-Prefix.pch";
				INFOPLIST_FILE = "DartQL/DartQL-Info.plist";
				INSTALL_PATH = /Library/QuickLook;
				PRODUCT_NAME = "$(TARGET_NAME)";
				WRAPPER_EXTENSION = qlgenerator;
			};
			name = Release;
		};
/* End XCBuildConfiguration section */

/* Begin XCConfigurationList section */
		BF143019170B31FC008AE1A4 /* Build configuration list for PBXProject "DartQL" */ = {
			isa = XCConfigurationList;
			buildConfigurations = (
				BF143038170B31FD008AE1A4 /* Debug */,
				BF143039170B31FD008AE1A4 /* Release */,
			);
			defaultConfigurationIsVisible = 0;
			defaultConfigurationName = Release;
		};
		BF14303A170B31FD008AE1A4 /* Build configuration list for PBXNativeTarget "DartQL" */ = {
			isa = XCConfigurationList;
			buildConfigurations = (
				BF14303B170B31FD008AE1A4 /* Debug */,
				BF14303C170B31FD008AE1A4 /* Release */,
			);
			defaultConfigurationIsVisible = 0;
			defaultConfigurationName = Release;
		};
/* End XCConfigurationList section */
	};
	rootObject = BF143016170B31FC008AE1A4 /* Project object */;
}
